
Microsoft Visual Studio Solution File, Format Version 12.00
# Visual Studio Version 16
VisualStudioVersion = 16.0.30717.126
MinimumVisualStudioVersion = 10.0.40219.1
Project("{FAE04EC0-301F-11D3-BF4B-00C04F79EFBC}") = "SpinAnalysis", "SpinAnalysis.csproj", "{B648096E-2583-47FA-AB89-2716CD85F2CC}"
EndProject
Global
	GlobalSection(SolutionConfigurationPlatforms) = preSolution
		Debug|Any CPU = Debug|Any CPU
		Release|Any CPU = Release|Any CPU
	EndGlobalSection
	GlobalSection(ProjectConfigurationPlatforms) = postSolution
		{B648096E-2583-47FA-AB89-2716CD85F2CC}.Debug|Any CPU.ActiveCfg = Debug|Any CPU
		{B648096E-2583-47FA-AB89-2716CD85F2CC}.Debug|Any CPU.Build.0 = Debug|Any CPU
		{B648096E-2583-47FA-AB89-2716CD85F2CC}.Release|Any CPU.ActiveCfg = Release|Any CPU
		{B648096E-2583-47FA-AB89-2716CD85F2CC}.Release|Any CPU.Build.0 = Release|Any CPU
	EndGlobalSection
	GlobalSection(SolutionProperties) = preSolution
		HideSolutionNode = FALSE
	EndGlobalSection
	GlobalSection(ExtensibilityGlobals) = postSolution
		SolutionGuid = {9F112513-1698-426E-B196-373328AD1FA2}
	EndGlobalSection
EndGlobal
